
Microsoft Visual Studio Solution File, Format Version 12.00
# Visual Studio Version 17
VisualStudioVersion = 17.12.35707.178 d17.12
MinimumVisualStudioVersion = 10.0.40219.1
Project("{8BC9CEB8-8B4A-11D0-8D11-00A0C91BC942}") = "NetworkingFinal", "NetworkingFinal\NetworkingFinal.vcxproj", "{43DEEE0E-2F20-415E-961F-07B3BC26A757}"
EndProject
Global
	GlobalSection(SolutionConfigurationPlatforms) = preSolution
		Client|x64 = Client|x64
		Client|x86 = Client|x86
		Debug|x64 = Debug|x64
		Debug|x86 = Debug|x86
		Release|x64 = Release|x64
		Release|x86 = Release|x86
		server|x64 = server|x64
		server|x86 = server|x86
	EndGlobalSection
	GlobalSection(ProjectConfigurationPlatforms) = postSolution
		{43DEEE0E-2F20-415E-961F-07B3BC26A757}.Client|x64.ActiveCfg = Client|x64
		{43DEEE0E-2F20-415E-961F-07B3BC26A757}.Client|x64.Build.0 = Client|x64
		{43DEEE0E-2F20-415E-961F-07B3BC26A757}.Client|x86.ActiveCfg = Client|Win32
		{43DEEE0E-2F20-415E-961F-07B3BC26A757}.Client|x86.Build.0 = Client|Win32
		{43DEEE0E-2F20-415E-961F-07B3BC26A757}.Debug|x64.ActiveCfg = Debug|x64
		{43DEEE0E-2F20-415E-961F-07B3BC26A757}.Debug|x64.Build.0 = Debug|x64
		{43DEEE0E-2F20-415E-961F-07B3BC26A757}.Debug|x86.ActiveCfg = Debug|Win32
		{43DEEE0E-2F20-415E-961F-07B3BC26A757}.Debug|x86.Build.0 = Debug|Win32
		{43DEEE0E-2F20-415E-961F-07B3BC26A757}.Release|x64.ActiveCfg = Release|x64
		{43DEEE0E-2F20-415E-961F-07B3BC26A757}.Release|x64.Build.0 = Release|x64
		{43DEEE0E-2F20-415E-961F-07B3BC26A757}.Release|x86.ActiveCfg = Release|Win32
		{43DEEE0E-2F20-415E-961F-07B3BC26A757}.Release|x86.Build.0 = Release|Win32
		{43DEEE0E-2F20-415E-961F-07B3BC26A757}.server|x64.ActiveCfg = server|x64
		{43DEEE0E-2F20-415E-961F-07B3BC26A757}.server|x64.Build.0 = server|x64
		{43DEEE0E-2F20-415E-961F-07B3BC26A757}.server|x86.ActiveCfg = server|Win32
		{43DEEE0E-2F20-415E-961F-07B3BC26A757}.server|x86.Build.0 = server|Win32
	EndGlobalSection
	GlobalSection(SolutionProperties) = preSolution
		HideSolutionNode = FALSE
	EndGlobalSection
EndGlobal
